
Microsoft Visual Studio Solution File, Format Version 12.00
# Visual Studio 2012
Project("{FAE04EC0-301F-11D3-BF4B-00C04F79EFBC}") = "CGImageTest", "CGImageTest\CGImageTest.csproj", "{B29C2E42-778B-4622-90F1-D2A044213585}"
EndProject
Global
	GlobalSection(SolutionConfigurationPlatforms) = preSolution
		Debug|iPhoneSimulator = Debug|iPhoneSimulator
		Release|iPhone = Release|iPhone
		Release|iPhoneSimulator = Release|iPhoneSimulator
		Debug|iPhone = Debug|iPhone
	EndGlobalSection
	GlobalSection(ProjectConfigurationPlatforms) = postSolution
		{B29C2E42-778B-4622-90F1-D2A044213585}.Debug|iPhoneSimulator.ActiveCfg = Debug|iPhoneSimulator
		{B29C2E42-778B-4622-90F1-D2A044213585}.Debug|iPhoneSimulator.Build.0 = Debug|iPhoneSimulator
		{B29C2E42-778B-4622-90F1-D2A044213585}.Release|iPhone.ActiveCfg = Release|iPhone
		{B29C2E42-778B-4622-90F1-D2A044213585}.Release|iPhone.Build.0 = Release|iPhone
		{B29C2E42-778B-4622-90F1-D2A044213585}.Release|iPhoneSimulator.ActiveCfg = Release|iPhoneSimulator
		{B29C2E42-778B-4622-90F1-D2A044213585}.Release|iPhoneSimulator.Build.0 = Release|iPhoneSimulator
		{B29C2E42-778B-4622-90F1-D2A044213585}.Debug|iPhone.ActiveCfg = Debug|iPhone
		{B29C2E42-778B-4622-90F1-D2A044213585}.Debug|iPhone.Build.0 = Debug|iPhone
	EndGlobalSection
EndGlobal
